
Microsoft Visual Studio Solution File, Format Version 12.00
# Visual Studio Version 17
VisualStudioVersion = 17.2.32630.192
MinimumVisualStudioVersion = 10.0.40219.1
Project("{9A19103F-16F7-4668-BE54-9A1E7A4F7556}") = "AServiceTaxi", "AServiceTaxi\AServiceTaxi.csproj", "{D8BA9953-868C-499C-A43E-46D3E52670ED}"
EndProject
Project("{9A19103F-16F7-4668-BE54-9A1E7A4F7556}") = "AServiceTaxi.BL", "AServiceTaxi.BL\AServiceTaxi.BL.csproj", "{E2043B2D-6AF3-4094-84A8-45E5DE1C378A}"
EndProject
Project("{9A19103F-16F7-4668-BE54-9A1E7A4F7556}") = "AServiceTaxi.DL", "AServiceTaxi.DL\AServiceTaxi.DL.csproj", "{3285849A-FE36-40A4-A547-EBA685A5C242}"
EndProject
Project("{E53339B2-1760-4266-BCC7-CA923CBCF16C}") = "docker-compose", "docker-compose.dcproj", "{E1388D23-3417-4AE6-890C-AF245DAE5075}"
EndProject
Project("{9A19103F-16F7-4668-BE54-9A1E7A4F7556}") = "AServiceTaxi.BLTest", "AServiceTaxi.BLTest\AServiceTaxi.BLTest.csproj", "{FCE01EAF-266A-4CFC-83A3-CB93D3B0868F}"
EndProject
Global
	GlobalSection(SolutionConfigurationPlatforms) = preSolution
		Debug|Any CPU = Debug|Any CPU
		Release|Any CPU = Release|Any CPU
	EndGlobalSection
	GlobalSection(ProjectConfigurationPlatforms) = postSolution
		{D8BA9953-868C-499C-A43E-46D3E52670ED}.Debug|Any CPU.ActiveCfg = Debug|Any CPU
		{D8BA9953-868C-499C-A43E-46D3E52670ED}.Debug|Any CPU.Build.0 = Debug|Any CPU
		{D8BA9953-868C-499C-A43E-46D3E52670ED}.Release|Any CPU.ActiveCfg = Release|Any CPU
		{D8BA9953-868C-499C-A43E-46D3E52670ED}.Release|Any CPU.Build.0 = Release|Any CPU
		{E2043B2D-6AF3-4094-84A8-45E5DE1C378A}.Debug|Any CPU.ActiveCfg = Debug|Any CPU
		{E2043B2D-6AF3-4094-84A8-45E5DE1C378A}.Debug|Any CPU.Build.0 = Debug|Any CPU
		{E2043B2D-6AF3-4094-84A8-45E5DE1C378A}.Release|Any CPU.ActiveCfg = Release|Any CPU
		{E2043B2D-6AF3-4094-84A8-45E5DE1C378A}.Release|Any CPU.Build.0 = Release|Any CPU
		{3285849A-FE36-40A4-A547-EBA685A5C242}.Debug|Any CPU.ActiveCfg = Debug|Any CPU
		{3285849A-FE36-40A4-A547-EBA685A5C242}.Debug|Any CPU.Build.0 = Debug|Any CPU
		{3285849A-FE36-40A4-A547-EBA685A5C242}.Release|Any CPU.ActiveCfg = Release|Any CPU
		{3285849A-FE36-40A4-A547-EBA685A5C242}.Release|Any CPU.Build.0 = Release|Any CPU
		{E1388D23-3417-4AE6-890C-AF245DAE5075}.Debug|Any CPU.ActiveCfg = Debug|Any CPU
		{E1388D23-3417-4AE6-890C-AF245DAE5075}.Debug|Any CPU.Build.0 = Debug|Any CPU
		{E1388D23-3417-4AE6-890C-AF245DAE5075}.Release|Any CPU.ActiveCfg = Release|Any CPU
		{E1388D23-3417-4AE6-890C-AF245DAE5075}.Release|Any CPU.Build.0 = Release|Any CPU
		{FCE01EAF-266A-4CFC-83A3-CB93D3B0868F}.Debug|Any CPU.ActiveCfg = Debug|Any CPU
		{FCE01EAF-266A-4CFC-83A3-CB93D3B0868F}.Debug|Any CPU.Build.0 = Debug|Any CPU
		{FCE01EAF-266A-4CFC-83A3-CB93D3B0868F}.Release|Any CPU.ActiveCfg = Release|Any CPU
		{FCE01EAF-266A-4CFC-83A3-CB93D3B0868F}.Release|Any CPU.Build.0 = Release|Any CPU
	EndGlobalSection
	GlobalSection(SolutionProperties) = preSolution
		HideSolutionNode = FALSE
	EndGlobalSection
	GlobalSection(ExtensibilityGlobals) = postSolution
		SolutionGuid = {E85F9B33-C52D-4CCD-88A0-1711A67A66CD}
	EndGlobalSection
EndGlobal
